
Microsoft Visual Studio Solution File, Format Version 12.00
# Visual Studio Version 16
VisualStudioVersion = 16.0.29411.138
MinimumVisualStudioVersion = 10.0.40219.1
Project("{9A19103F-16F7-4668-BE54-9A1E7A4F7556}") = "blazor-test-localization", "blazor-test-localization\blazor-test-localization.csproj", "{DA6656DA-C48F-4E27-834E-1CEB9D9D2019}"
EndProject
Project("{9A19103F-16F7-4668-BE54-9A1E7A4F7556}") = "CustomRazorComponents", "CustomRazorComponents\CustomRazorComponents.csproj", "{150F0FAB-5251-40CA-86E1-0F4285DA7720}"
EndProject
Project("{FAE04EC0-301F-11D3-BF4B-00C04F79EFBC}") = "wasm_localization.Server", "wasm_localization\Server\wasm_localization.Server.csproj", "{A142B7BF-759D-42D2-89FD-7E9D5D06E08B}"
EndProject
Project("{FAE04EC0-301F-11D3-BF4B-00C04F79EFBC}") = "wasm_localization.Client", "wasm_localization\Client\wasm_localization.Client.csproj", "{72171FC0-1EFF-4F25-B538-C50C2B31D335}"
EndProject
Project("{FAE04EC0-301F-11D3-BF4B-00C04F79EFBC}") = "wasm_localization.Shared", "wasm_localization\Shared\wasm_localization.Shared.csproj", "{AB5F772A-4CE7-4CE7-AF1D-AA0227D9335A}"
EndProject
Global
	GlobalSection(SolutionConfigurationPlatforms) = preSolution
		Debug|Any CPU = Debug|Any CPU
		Release|Any CPU = Release|Any CPU
	EndGlobalSection
	GlobalSection(ProjectConfigurationPlatforms) = postSolution
		{DA6656DA-C48F-4E27-834E-1CEB9D9D2019}.Debug|Any CPU.ActiveCfg = Debug|Any CPU
		{DA6656DA-C48F-4E27-834E-1CEB9D9D2019}.Debug|Any CPU.Build.0 = Debug|Any CPU
		{DA6656DA-C48F-4E27-834E-1CEB9D9D2019}.Release|Any CPU.ActiveCfg = Release|Any CPU
		{DA6656DA-C48F-4E27-834E-1CEB9D9D2019}.Release|Any CPU.Build.0 = Release|Any CPU
		{150F0FAB-5251-40CA-86E1-0F4285DA7720}.Debug|Any CPU.ActiveCfg = Debug|Any CPU
		{150F0FAB-5251-40CA-86E1-0F4285DA7720}.Debug|Any CPU.Build.0 = Debug|Any CPU
		{150F0FAB-5251-40CA-86E1-0F4285DA7720}.Release|Any CPU.ActiveCfg = Release|Any CPU
		{150F0FAB-5251-40CA-86E1-0F4285DA7720}.Release|Any CPU.Build.0 = Release|Any CPU
		{A142B7BF-759D-42D2-89FD-7E9D5D06E08B}.Debug|Any CPU.ActiveCfg = Debug|Any CPU
		{A142B7BF-759D-42D2-89FD-7E9D5D06E08B}.Debug|Any CPU.Build.0 = Debug|Any CPU
		{A142B7BF-759D-42D2-89FD-7E9D5D06E08B}.Release|Any CPU.ActiveCfg = Release|Any CPU
		{A142B7BF-759D-42D2-89FD-7E9D5D06E08B}.Release|Any CPU.Build.0 = Release|Any CPU
		{72171FC0-1EFF-4F25-B538-C50C2B31D335}.Debug|Any CPU.ActiveCfg = Debug|Any CPU
		{72171FC0-1EFF-4F25-B538-C50C2B31D335}.Debug|Any CPU.Build.0 = Debug|Any CPU
		{72171FC0-1EFF-4F25-B538-C50C2B31D335}.Release|Any CPU.ActiveCfg = Release|Any CPU
		{72171FC0-1EFF-4F25-B538-C50C2B31D335}.Release|Any CPU.Build.0 = Release|Any CPU
		{AB5F772A-4CE7-4CE7-AF1D-AA0227D9335A}.Debug|Any CPU.ActiveCfg = Debug|Any CPU
		{AB5F772A-4CE7-4CE7-AF1D-AA0227D9335A}.Debug|Any CPU.Build.0 = Debug|Any CPU
		{AB5F772A-4CE7-4CE7-AF1D-AA0227D9335A}.Release|Any CPU.ActiveCfg = Release|Any CPU
		{AB5F772A-4CE7-4CE7-AF1D-AA0227D9335A}.Release|Any CPU.Build.0 = Release|Any CPU
	EndGlobalSection
	GlobalSection(SolutionProperties) = preSolution
		HideSolutionNode = FALSE
	EndGlobalSection
	GlobalSection(ExtensibilityGlobals) = postSolution
		SolutionGuid = {DC08B77C-74F1-4BC9-B0C7-50AD16DC0633}
	EndGlobalSection
EndGlobal
